
Microsoft Visual Studio Solution File, Format Version 12.00
# Visual Studio 2012
Project("{FAE04EC0-301F-11D3-BF4B-00C04F79EFBC}") = "hostasp", "hostasp.csproj", "{353914E9-45BD-4A85-AF3A-C232F74295A3}"
EndProject
Project("{2150E333-8FDC-42A3-9474-1A3956D46DE8}") = ".nuget", ".nuget", "{AFE3499E-AEDC-4B8A-B610-78C477CF83E0}"
	ProjectSection(SolutionItems) = preProject
		.nuget\NuGet.Config = .nuget\NuGet.Config
		.nuget\NuGet.exe = .nuget\NuGet.exe
		.nuget\NuGet.targets = .nuget\NuGet.targets
	EndProjectSection
EndProject
Global
	GlobalSection(SolutionConfigurationPlatforms) = preSolution
		Debug|Any CPU = Debug|Any CPU
		Release|Any CPU = Release|Any CPU
	EndGlobalSection
	GlobalSection(ProjectConfigurationPlatforms) = postSolution
		{353914E9-45BD-4A85-AF3A-C232F74295A3}.Debug|Any CPU.ActiveCfg = Debug|Any CPU
		{353914E9-45BD-4A85-AF3A-C232F74295A3}.Debug|Any CPU.Build.0 = Debug|Any CPU
		{353914E9-45BD-4A85-AF3A-C232F74295A3}.Release|Any CPU.ActiveCfg = Release|Any CPU
		{353914E9-45BD-4A85-AF3A-C232F74295A3}.Release|Any CPU.Build.0 = Release|Any CPU
	EndGlobalSection
	GlobalSection(SolutionProperties) = preSolution
		HideSolutionNode = FALSE
	EndGlobalSection
EndGlobal
